{
  "name": "esm-dummy",
  "version": "1.0.0",
  "lockfileVersion": 3,
  "requires": true,
  "packages": {
    "": {
      "name": "esm-dummy",
      "version": "1.0.0",
      "license": "ISC",
      "peerDependencies": {
        "sub-dependency": "file:../sub-dependency"
      }
    },
    "../sub-dependency": {
      "version": "1.0.0",
      "license": "ISC",
      "peer": true
    },
    "node_modules/sub-dependency": {
      "resolved": "../sub-dependency",
      "link": true
    }
  }
}
